# This file is automatically @generated by Cargo.
# It is not intended for manual editing.
version = 4

[[package]]
name = "shardai-cli"
version = "0.1.0"
dependencies = [
 "shardai-syntax",
]

[[package]]
name = "shardai-compiler"
version = "0.1.0"

[[package]]
name = "shardai-syntax"
version = "0.1.0"
